// !$*UTF8*$!
{
	archiveVersion = 1;
	classes = {
	};
	objectVersion = 48;
	objects = {

/* Begin PBXBuildFile section */
		4200DFF41DF01E8C005D544D /* InputTableViewCell.swift in Sources */ = {isa = PBXBuildFile; fileRef = 4200DFF31DF01E8C005D544D /* InputTableViewCell.swift */; };
		4200DFF61DF02170005D544D /* SignUpViewController.swift in Sources */ = {isa = PBXBuildFile; fileRef = 4200DFF51DF02170005D544D /* SignUpViewController.swift */; };
		4200DFF81DF0218B005D544D /* WelcomeViewController.swift in Sources */ = {isa = PBXBuildFile; fileRef = 4200DFF71DF0218B005D544D /* WelcomeViewController.swift */; };
		42215D9F1DF50877001B90C4 /* SwipeableTableViewCell.swift in Sources */ = {isa = PBXBuildFile; fileRef = 42215D9E1DF50877001B90C4 /* SwipeableTableViewCell.swift */; };
		42215DA11DF508EC001B90C4 /* VideoCollectionViewCell.swift in Sources */ = {isa = PBXBuildFile; fileRef = 42215DA01DF508EC001B90C4 /* VideoCollectionViewCell.swift */; };
		4222C56A1DFFA098006D99E1 /* LoginViewController.swift in Sources */ = {isa = PBXBuildFile; fileRef = 4222C5691DFFA098006D99E1 /* LoginViewController.swift */; };
		4222C56C1DFFC66E006D99E1 /* Pods_Wordie.framework in CopyFiles */ = {isa = PBXBuildFile; fileRef = 194803FA9A5A04B1AC0116C2 /* Pods_Wordie.framework */; settings = {ATTRIBUTES = (CodeSignOnCopy, RemoveHeadersOnCopy, ); }; };
		423D6D7F1DECF35500F66EA4 /* MoviePost.swift in Sources */ = {isa = PBXBuildFile; fileRef = 423D6D7E1DECF35500F66EA4 /* MoviePost.swift */; };
		4250867D1DE3067C00D3B202 /* Malcolm.Main.storyboard in Resources */ = {isa = PBXBuildFile; fileRef = 4250867C1DE3067C00D3B202 /* Malcolm.Main.storyboard */; };
		4250867F1DE309DB00D3B202 /* HomeViewController.swift in Sources */ = {isa = PBXBuildFile; fileRef = 4250867E1DE309DB00D3B202 /* HomeViewController.swift */; };
		425086811DE30A1300D3B202 /* HomeTableViewCell.swift in Sources */ = {isa = PBXBuildFile; fileRef = 425086801DE30A1300D3B202 /* HomeTableViewCell.swift */; };
		4258BEE91DF277AC00418750 /* GoogleService-Info.plist in Resources */ = {isa = PBXBuildFile; fileRef = 4258BEE81DF277AC00418750 /* GoogleService-Info.plist */; };
		4287B4271DF7BA5900A2B06D /* ProfileViewController.swift in Sources */ = {isa = PBXBuildFile; fileRef = 4287B4261DF7BA5900A2B06D /* ProfileViewController.swift */; };
		4287B4291DF7BF4600A2B06D /* FacebookUsernameViewController.swift in Sources */ = {isa = PBXBuildFile; fileRef = 4287B4281DF7BF4600A2B06D /* FacebookUsernameViewController.swift */; };
		42C8A2701DE7B73600AC6ED9 /* UserInputViewController.swift in Sources */ = {isa = PBXBuildFile; fileRef = 42C8A26F1DE7B73600AC6ED9 /* UserInputViewController.swift */; };
		BF1EA9D01DE26DC200A4B3A3 /* Assets.xcassets in Resources */ = {isa = PBXBuildFile; fileRef = BF1EA9CF1DE26DC200A4B3A3 /* Assets.xcassets */; };
		BF1EA9D31DE26DC200A4B3A3 /* LaunchScreen.storyboard in Resources */ = {isa = PBXBuildFile; fileRef = BF1EA9D11DE26DC200A4B3A3 /* LaunchScreen.storyboard */; };
		BF1EA9E91DE2700100A4B3A3 /* WordDetailViewController.swift in Sources */ = {isa = PBXBuildFile; fileRef = BF1EA9E51DE2700100A4B3A3 /* WordDetailViewController.swift */; };
		BF1EA9EA1DE2700100A4B3A3 /* SearchViewController.swift in Sources */ = {isa = PBXBuildFile; fileRef = BF1EA9E61DE2700100A4B3A3 /* SearchViewController.swift */; };
		BF1EA9EB1DE2700100A4B3A3 /* NoteViewController.swift in Sources */ = {isa = PBXBuildFile; fileRef = BF1EA9E71DE2700100A4B3A3 /* NoteViewController.swift */; };
		BF1EA9EC1DE2700100A4B3A3 /* DefinitionTabViewController.swift in Sources */ = {isa = PBXBuildFile; fileRef = BF1EA9E81DE2700100A4B3A3 /* DefinitionTabViewController.swift */; };
		BF1EA9EF1DE2702100A4B3A3 /* WordTableViewCell.swift in Sources */ = {isa = PBXBuildFile; fileRef = BF1EA9ED1DE2702100A4B3A3 /* WordTableViewCell.swift */; };
		BF1EA9F01DE2702100A4B3A3 /* DefinitionTableViewCell.swift in Sources */ = {isa = PBXBuildFile; fileRef = BF1EA9EE1DE2702100A4B3A3 /* DefinitionTableViewCell.swift */; };
		BF1EA9F21DE2703600A4B3A3 /* Word.swift in Sources */ = {isa = PBXBuildFile; fileRef = BF1EA9F11DE2703600A4B3A3 /* Word.swift */; };
		BF1EA9F41DE2708100A4B3A3 /* OxfordClient.swift in Sources */ = {isa = PBXBuildFile; fileRef = BF1EA9F31DE2708100A4B3A3 /* OxfordClient.swift */; };
		BF1EA9F61DE2709400A4B3A3 /* AppDelegate.swift in Sources */ = {isa = PBXBuildFile; fileRef = BF1EA9F51DE2709400A4B3A3 /* AppDelegate.swift */; };
		BF1EA9F81DE2864700A4B3A3 /* SearchTabViewController.swift in Sources */ = {isa = PBXBuildFile; fileRef = BF1EA9F71DE2864700A4B3A3 /* SearchTabViewController.swift */; };
		BF1EA9FA1DE3C15100A4B3A3 /* HomeTabBarController.swift in Sources */ = {isa = PBXBuildFile; fileRef = BF1EA9F91DE3C15100A4B3A3 /* HomeTabBarController.swift */; };
		BF1EAA021DE970F600A4B3A3 /* FirebaseClient.swift in Sources */ = {isa = PBXBuildFile; fileRef = BF1EAA011DE970F600A4B3A3 /* FirebaseClient.swift */; };
		BF1EAA041DE9796B00A4B3A3 /* User.swift in Sources */ = {isa = PBXBuildFile; fileRef = BF1EAA031DE9796B00A4B3A3 /* User.swift */; };
		BF1EAA061DED47BC00A4B3A3 /* EditDetailViewController.swift in Sources */ = {isa = PBXBuildFile; fileRef = BF1EAA051DED47BC00A4B3A3 /* EditDetailViewController.swift */; };
		BFCED8AE1DEEBE2C00A26AB3 /* SSRadioButton.swift in Sources */ = {isa = PBXBuildFile; fileRef = BFCED8AC1DEEBE2C00A26AB3 /* SSRadioButton.swift */; };
		BFCED8AF1DEEBE2C00A26AB3 /* SSRadioButtonsController.swift in Sources */ = {isa = PBXBuildFile; fileRef = BFCED8AD1DEEBE2C00A26AB3 /* SSRadioButtonsController.swift */; };
		BFCED8B11DEEC1C700A26AB3 /* RadioButton.swift in Sources */ = {isa = PBXBuildFile; fileRef = BFCED8B01DEEC1C700A26AB3 /* RadioButton.swift */; };
		BFCED8B51DEFCCE000A26AB3 /* NoteDefinitionTableViewCell.swift in Sources */ = {isa = PBXBuildFile; fileRef = BFCED8B41DEFCCE000A26AB3 /* NoteDefinitionTableViewCell.swift */; };
		BFCED8B71DEFEACF00A26AB3 /* NoteExampleTableViewCell.swift in Sources */ = {isa = PBXBuildFile; fileRef = BFCED8B61DEFEACF00A26AB3 /* NoteExampleTableViewCell.swift */; };
		BFCED8B91DEFFA3500A26AB3 /* EditDetailTableViewCell.swift in Sources */ = {isa = PBXBuildFile; fileRef = BFCED8B81DEFFA3500A26AB3 /* EditDetailTableViewCell.swift */; };
		BFCED8BF1DF40CFB00A26AB3 /* SynonymTableViewCell.swift in Sources */ = {isa = PBXBuildFile; fileRef = BFCED8BE1DF40CFB00A26AB3 /* SynonymTableViewCell.swift */; };
		BFCED8C11DF40D5200A26AB3 /* AntonymTableViewCell.swift in Sources */ = {isa = PBXBuildFile; fileRef = BFCED8C01DF40D5200A26AB3 /* AntonymTableViewCell.swift */; };
		BFCED8C31DF4B57400A26AB3 /* VideoForNoteViewController.swift in Sources */ = {isa = PBXBuildFile; fileRef = BFCED8C21DF4B57400A26AB3 /* VideoForNoteViewController.swift */; };
		BFCED8CA1DF673B300A26AB3 /* VideoForNoteTableViewCell.swift in Sources */ = {isa = PBXBuildFile; fileRef = BFCED8C91DF673B300A26AB3 /* VideoForNoteTableViewCell.swift */; };
		BFCED8CC1DF6B87700A26AB3 /* NoteVideo.swift in Sources */ = {isa = PBXBuildFile; fileRef = BFCED8CB1DF6B87700A26AB3 /* NoteVideo.swift */; };
		BFCED8CE1DF77B9000A26AB3 /* Louis.Main.storyboard in Resources */ = {isa = PBXBuildFile; fileRef = BFCED8CD1DF77B9000A26AB3 /* Louis.Main.storyboard */; };
		BFCED8D21DF939EF00A26AB3 /* SynonymAntonym.swift in Sources */ = {isa = PBXBuildFile; fileRef = BFCED8D11DF939EF00A26AB3 /* SynonymAntonym.swift */; };
		FED89AC8B317F252BDA33430 /* Pods_Wordie.framework in Frameworks */ = {isa = PBXBuildFile; fileRef = 194803FA9A5A04B1AC0116C2 /* Pods_Wordie.framework */; };
/* End PBXBuildFile section */

/* Begin PBXCopyFilesBuildPhase section */
		4222C56B1DFFC656006D99E1 /* CopyFiles */ = {
			isa = PBXCopyFilesBuildPhase;
			buildActionMask = 2147483647;
			dstPath = "";
			dstSubfolderSpec = 10;
			files = (
				4222C56C1DFFC66E006D99E1 /* Pods_Wordie.framework in CopyFiles */,
			);
			runOnlyForDeploymentPostprocessing = 0;
		};
/* End PBXCopyFilesBuildPhase section */

/* Begin PBXFileReference section */
		194803FA9A5A04B1AC0116C2 /* Pods_Wordie.framework */ = {isa = PBXFileReference; explicitFileType = wrapper.framework; includeInIndex = 0; path = Pods_Wordie.framework; sourceTree = BUILT_PRODUCTS_DIR; };
		209528783B87E1D71F3B93FD /* Pods-Wordie.debug.xcconfig */ = {isa = PBXFileReference; includeInIndex = 1; lastKnownFileType = text.xcconfig; name = "Pods-Wordie.debug.xcconfig"; path = "Pods/Target Support Files/Pods-Wordie/Pods-Wordie.debug.xcconfig"; sourceTree = "<group>"; };
		4200DFF31DF01E8C005D544D /* InputTableViewCell.swift */ = {isa = PBXFileReference; fileEncoding = 4; lastKnownFileType = sourcecode.swift; path = InputTableViewCell.swift; sourceTree = "<group>"; };
		4200DFF51DF02170005D544D /* SignUpViewController.swift */ = {isa = PBXFileReference; fileEncoding = 4; lastKnownFileType = sourcecode.swift; path = SignUpViewController.swift; sourceTree = "<group>"; };
		4200DFF71DF0218B005D544D /* WelcomeViewController.swift */ = {isa = PBXFileReference; fileEncoding = 4; lastKnownFileType = sourcecode.swift; path = WelcomeViewController.swift; sourceTree = "<group>"; };
		42215D9E1DF50877001B90C4 /* SwipeableTableViewCell.swift */ = {isa = PBXFileReference; fileEncoding = 4; lastKnownFileType = sourcecode.swift; path = SwipeableTableViewCell.swift; sourceTree = "<group>"; };
		42215DA01DF508EC001B90C4 /* VideoCollectionViewCell.swift */ = {isa = PBXFileReference; fileEncoding = 4; lastKnownFileType = sourcecode.swift; path = VideoCollectionViewCell.swift; sourceTree = "<group>"; };
		4222C5691DFFA098006D99E1 /* LoginViewController.swift */ = {isa = PBXFileReference; fileEncoding = 4; lastKnownFileType = sourcecode.swift; path = LoginViewController.swift; sourceTree = "<group>"; };
		423D6D7E1DECF35500F66EA4 /* MoviePost.swift */ = {isa = PBXFileReference; fileEncoding = 4; lastKnownFileType = sourcecode.swift; path = MoviePost.swift; sourceTree = "<group>"; };
		4250867C1DE3067C00D3B202 /* Malcolm.Main.storyboard */ = {isa = PBXFileReference; fileEncoding = 4; lastKnownFileType = file.storyboard; path = Malcolm.Main.storyboard; sourceTree = "<group>"; };
		4250867E1DE309DB00D3B202 /* HomeViewController.swift */ = {isa = PBXFileReference; fileEncoding = 4; lastKnownFileType = sourcecode.swift; path = HomeViewController.swift; sourceTree = "<group>"; };
		425086801DE30A1300D3B202 /* HomeTableViewCell.swift */ = {isa = PBXFileReference; fileEncoding = 4; lastKnownFileType = sourcecode.swift; path = HomeTableViewCell.swift; sourceTree = "<group>"; };
		4258BEE81DF277AC00418750 /* GoogleService-Info.plist */ = {isa = PBXFileReference; fileEncoding = 4; lastKnownFileType = text.plist.xml; path = "GoogleService-Info.plist"; sourceTree = "<group>"; };
		4287B4261DF7BA5900A2B06D /* ProfileViewController.swift */ = {isa = PBXFileReference; fileEncoding = 4; lastKnownFileType = sourcecode.swift; path = ProfileViewController.swift; sourceTree = "<group>"; };
		4287B4281DF7BF4600A2B06D /* FacebookUsernameViewController.swift */ = {isa = PBXFileReference; fileEncoding = 4; lastKnownFileType = sourcecode.swift; path = FacebookUsernameViewController.swift; sourceTree = "<group>"; };
		42C8A26F1DE7B73600AC6ED9 /* UserInputViewController.swift */ = {isa = PBXFileReference; fileEncoding = 4; lastKnownFileType = sourcecode.swift; path = UserInputViewController.swift; sourceTree = "<group>"; };
		42F2BE501DED43D80055AE27 /* Wordie.entitlements */ = {isa = PBXFileReference; lastKnownFileType = text.plist.entitlements; path = Wordie.entitlements; sourceTree = "<group>"; };
		698B7384369BA83D54F93CAC /* Pods-Wordie.release.xcconfig */ = {isa = PBXFileReference; includeInIndex = 1; lastKnownFileType = text.xcconfig; name = "Pods-Wordie.release.xcconfig"; path = "Pods/Target Support Files/Pods-Wordie/Pods-Wordie.release.xcconfig"; sourceTree = "<group>"; };
		BF1EA9C51DE26DC200A4B3A3 /* Wordie.app */ = {isa = PBXFileReference; explicitFileType = wrapper.application; includeInIndex = 0; path = Wordie.app; sourceTree = BUILT_PRODUCTS_DIR; };
		BF1EA9CF1DE26DC200A4B3A3 /* Assets.xcassets */ = {isa = PBXFileReference; lastKnownFileType = folder.assetcatalog; path = Assets.xcassets; sourceTree = "<group>"; };
		BF1EA9D21DE26DC200A4B3A3 /* Base */ = {isa = PBXFileReference; lastKnownFileType = file.storyboard; name = Base; path = Base.lproj/LaunchScreen.storyboard; sourceTree = "<group>"; };
		BF1EA9DC1DE26E2E00A4B3A3 /* Info.plist */ = {isa = PBXFileReference; fileEncoding = 4; lastKnownFileType = text.plist.xml; path = Info.plist; sourceTree = "<group>"; };
		BF1EA9E51DE2700100A4B3A3 /* WordDetailViewController.swift */ = {isa = PBXFileReference; fileEncoding = 4; lastKnownFileType = sourcecode.swift; path = WordDetailViewController.swift; sourceTree = "<group>"; };
		BF1EA9E61DE2700100A4B3A3 /* SearchViewController.swift */ = {isa = PBXFileReference; fileEncoding = 4; lastKnownFileType = sourcecode.swift; path = SearchViewController.swift; sourceTree = "<group>"; };
		BF1EA9E71DE2700100A4B3A3 /* NoteViewController.swift */ = {isa = PBXFileReference; fileEncoding = 4; lastKnownFileType = sourcecode.swift; path = NoteViewController.swift; sourceTree = "<group>"; };
		BF1EA9E81DE2700100A4B3A3 /* DefinitionTabViewController.swift */ = {isa = PBXFileReference; fileEncoding = 4; lastKnownFileType = sourcecode.swift; path = DefinitionTabViewController.swift; sourceTree = "<group>"; };
		BF1EA9ED1DE2702100A4B3A3 /* WordTableViewCell.swift */ = {isa = PBXFileReference; fileEncoding = 4; lastKnownFileType = sourcecode.swift; path = WordTableViewCell.swift; sourceTree = "<group>"; };
		BF1EA9EE1DE2702100A4B3A3 /* DefinitionTableViewCell.swift */ = {isa = PBXFileReference; fileEncoding = 4; lastKnownFileType = sourcecode.swift; path = DefinitionTableViewCell.swift; sourceTree = "<group>"; };
		BF1EA9F11DE2703600A4B3A3 /* Word.swift */ = {isa = PBXFileReference; fileEncoding = 4; lastKnownFileType = sourcecode.swift; path = Word.swift; sourceTree = "<group>"; };
		BF1EA9F31DE2708100A4B3A3 /* OxfordClient.swift */ = {isa = PBXFileReference; fileEncoding = 4; lastKnownFileType = sourcecode.swift; path = OxfordClient.swift; sourceTree = "<group>"; };
		BF1EA9F51DE2709400A4B3A3 /* AppDelegate.swift */ = {isa = PBXFileReference; fileEncoding = 4; lastKnownFileType = sourcecode.swift; name = AppDelegate.swift; path = ../AppDelegate.swift; sourceTree = "<group>"; };
		BF1EA9F71DE2864700A4B3A3 /* SearchTabViewController.swift */ = {isa = PBXFileReference; fileEncoding = 4; lastKnownFileType = sourcecode.swift; path = SearchTabViewController.swift; sourceTree = "<group>"; };
		BF1EA9F91DE3C15100A4B3A3 /* HomeTabBarController.swift */ = {isa = PBXFileReference; fileEncoding = 4; lastKnownFileType = sourcecode.swift; path = HomeTabBarController.swift; sourceTree = "<group>"; };
		BF1EAA011DE970F600A4B3A3 /* FirebaseClient.swift */ = {isa = PBXFileReference; fileEncoding = 4; lastKnownFileType = sourcecode.swift; path = FirebaseClient.swift; sourceTree = "<group>"; };
		BF1EAA031DE9796B00A4B3A3 /* User.swift */ = {isa = PBXFileReference; fileEncoding = 4; lastKnownFileType = sourcecode.swift; path = User.swift; sourceTree = "<group>"; };
		BF1EAA051DED47BC00A4B3A3 /* EditDetailViewController.swift */ = {isa = PBXFileReference; fileEncoding = 4; lastKnownFileType = sourcecode.swift; path = EditDetailViewController.swift; sourceTree = "<group>"; };
		BFCED8AC1DEEBE2C00A26AB3 /* SSRadioButton.swift */ = {isa = PBXFileReference; fileEncoding = 4; lastKnownFileType = sourcecode.swift; path = SSRadioButton.swift; sourceTree = "<group>"; };
		BFCED8AD1DEEBE2C00A26AB3 /* SSRadioButtonsController.swift */ = {isa = PBXFileReference; fileEncoding = 4; lastKnownFileType = sourcecode.swift; path = SSRadioButtonsController.swift; sourceTree = "<group>"; };
		BFCED8B01DEEC1C700A26AB3 /* RadioButton.swift */ = {isa = PBXFileReference; fileEncoding = 4; lastKnownFileType = sourcecode.swift; path = RadioButton.swift; sourceTree = "<group>"; };
		BFCED8B41DEFCCE000A26AB3 /* NoteDefinitionTableViewCell.swift */ = {isa = PBXFileReference; fileEncoding = 4; lastKnownFileType = sourcecode.swift; path = NoteDefinitionTableViewCell.swift; sourceTree = "<group>"; };
		BFCED8B61DEFEACF00A26AB3 /* NoteExampleTableViewCell.swift */ = {isa = PBXFileReference; fileEncoding = 4; lastKnownFileType = sourcecode.swift; path = NoteExampleTableViewCell.swift; sourceTree = "<group>"; };
		BFCED8B81DEFFA3500A26AB3 /* EditDetailTableViewCell.swift */ = {isa = PBXFileReference; fileEncoding = 4; lastKnownFileType = sourcecode.swift; path = EditDetailTableViewCell.swift; sourceTree = "<group>"; };
		BFCED8BE1DF40CFB00A26AB3 /* SynonymTableViewCell.swift */ = {isa = PBXFileReference; fileEncoding = 4; lastKnownFileType = sourcecode.swift; path = SynonymTableViewCell.swift; sourceTree = "<group>"; };
		BFCED8C01DF40D5200A26AB3 /* AntonymTableViewCell.swift */ = {isa = PBXFileReference; fileEncoding = 4; lastKnownFileType = sourcecode.swift; path = AntonymTableViewCell.swift; sourceTree = "<group>"; };
		BFCED8C21DF4B57400A26AB3 /* VideoForNoteViewController.swift */ = {isa = PBXFileReference; fileEncoding = 4; lastKnownFileType = sourcecode.swift; path = VideoForNoteViewController.swift; sourceTree = "<group>"; };
		BFCED8C91DF673B300A26AB3 /* VideoForNoteTableViewCell.swift */ = {isa = PBXFileReference; fileEncoding = 4; lastKnownFileType = sourcecode.swift; path = VideoForNoteTableViewCell.swift; sourceTree = "<group>"; };
		BFCED8CB1DF6B87700A26AB3 /* NoteVideo.swift */ = {isa = PBXFileReference; fileEncoding = 4; lastKnownFileType = sourcecode.swift; path = NoteVideo.swift; sourceTree = "<group>"; };
		BFCED8CD1DF77B9000A26AB3 /* Louis.Main.storyboard */ = {isa = PBXFileReference; fileEncoding = 4; lastKnownFileType = file.storyboard; path = Louis.Main.storyboard; sourceTree = "<group>"; };
		BFCED8CF1DF7844000A26AB3 /* ProfileViewController.swift */ = {isa = PBXFileReference; fileEncoding = 4; lastKnownFileType = sourcecode.swift; path = ProfileViewController.swift; sourceTree = "<group>"; };
		BFCED8D11DF939EF00A26AB3 /* SynonymAntonym.swift */ = {isa = PBXFileReference; fileEncoding = 4; lastKnownFileType = sourcecode.swift; path = SynonymAntonym.swift; sourceTree = "<group>"; };
/* End PBXFileReference section */

/* Begin PBXFrameworksBuildPhase section */
		BF1EA9C21DE26DC200A4B3A3 /* Frameworks */ = {
			isa = PBXFrameworksBuildPhase;
			buildActionMask = 2147483647;
			files = (
				FED89AC8B317F252BDA33430 /* Pods_Wordie.framework in Frameworks */,
			);
			runOnlyForDeploymentPostprocessing = 0;
		};
/* End PBXFrameworksBuildPhase section */

/* Begin PBXGroup section */
		6F2A83A1B67C51E798E8C30B /* Pods */ = {
			isa = PBXGroup;
			children = (
				209528783B87E1D71F3B93FD /* Pods-Wordie.debug.xcconfig */,
				698B7384369BA83D54F93CAC /* Pods-Wordie.release.xcconfig */,
			);
			name = Pods;
			sourceTree = "<group>";
		};
		9F9371AC4F5E6AAFE56744AA /* Frameworks */ = {
			isa = PBXGroup;
			children = (
				194803FA9A5A04B1AC0116C2 /* Pods_Wordie.framework */,
			);
			name = Frameworks;
			sourceTree = "<group>";
		};
		BF1EA9BC1DE26DC200A4B3A3 = {
			isa = PBXGroup;
			children = (
				BF1EA9C71DE26DC200A4B3A3 /* Wordie */,
				BF1EA9C61DE26DC200A4B3A3 /* Products */,
				6F2A83A1B67C51E798E8C30B /* Pods */,
				9F9371AC4F5E6AAFE56744AA /* Frameworks */,
			);
			sourceTree = "<group>";
		};
		BF1EA9C61DE26DC200A4B3A3 /* Products */ = {
			isa = PBXGroup;
			children = (
				BF1EA9C51DE26DC200A4B3A3 /* Wordie.app */,
			);
			name = Products;
			sourceTree = "<group>";
		};
		BF1EA9C71DE26DC200A4B3A3 /* Wordie */ = {
			isa = PBXGroup;
			children = (
				42F2BE501DED43D80055AE27 /* Wordie.entitlements */,
				BFCED8AB1DEEBE2C00A26AB3 /* SSRadioButtonController */,
				BF1EA9DE1DE26EAF00A4B3A3 /* Storyboards */,
				BF1EA9E21DE26F7C00A4B3A3 /* Models */,
				BF1EA9E11DE26F6F00A4B3A3 /* ViewControllers */,
				BF1EA9E41DE26F9700A4B3A3 /* Views */,
				BF1EA9E31DE26F8E00A4B3A3 /* API */,
				BF1EA9F51DE2709400A4B3A3 /* AppDelegate.swift */,
				BF1EA9CF1DE26DC200A4B3A3 /* Assets.xcassets */,
				BF1EA9D11DE26DC200A4B3A3 /* LaunchScreen.storyboard */,
				BF1EA9DC1DE26E2E00A4B3A3 /* Info.plist */,
				4258BEE81DF277AC00418750 /* GoogleService-Info.plist */,
			);
			path = Wordie;
			sourceTree = "<group>";
		};
		BF1EA9DE1DE26EAF00A4B3A3 /* Storyboards */ = {
			isa = PBXGroup;
			children = (
				BFCED8CD1DF77B9000A26AB3 /* Louis.Main.storyboard */,
				4250867C1DE3067C00D3B202 /* Malcolm.Main.storyboard */,
			);
			name = Storyboards;
			path = ..;
			sourceTree = "<group>";
		};
		BF1EA9E11DE26F6F00A4B3A3 /* ViewControllers */ = {
			isa = PBXGroup;
			children = (
				BFCED8CF1DF7844000A26AB3 /* ProfileViewController.swift */,
				BF1EA9F91DE3C15100A4B3A3 /* HomeTabBarController.swift */,
				4250867E1DE309DB00D3B202 /* HomeViewController.swift */,
				BF1EA9E51DE2700100A4B3A3 /* WordDetailViewController.swift */,
				BF1EA9E81DE2700100A4B3A3 /* DefinitionTabViewController.swift */,
				BF1EA9E61DE2700100A4B3A3 /* SearchViewController.swift */,
				BF1EA9E71DE2700100A4B3A3 /* NoteViewController.swift */,
				BF1EAA051DED47BC00A4B3A3 /* EditDetailViewController.swift */,
				BF1EA9F71DE2864700A4B3A3 /* SearchTabViewController.swift */,
				42C8A26F1DE7B73600AC6ED9 /* UserInputViewController.swift */,
				4200DFF51DF02170005D544D /* SignUpViewController.swift */,
				4222C5691DFFA098006D99E1 /* LoginViewController.swift */,
				4200DFF71DF0218B005D544D /* WelcomeViewController.swift */,
				4287B4261DF7BA5900A2B06D /* ProfileViewController.swift */,
				BFCED8C21DF4B57400A26AB3 /* VideoForNoteViewController.swift */,
				4287B4281DF7BF4600A2B06D /* FacebookUsernameViewController.swift */,
			);
			name = ViewControllers;
			path = ..;
			sourceTree = "<group>";
		};
		BF1EA9E21DE26F7C00A4B3A3 /* Models */ = {
			isa = PBXGroup;
			children = (
				BFCED8D11DF939EF00A26AB3 /* SynonymAntonym.swift */,
				BF1EA9F11DE2703600A4B3A3 /* Word.swift */,
				BF1EAA031DE9796B00A4B3A3 /* User.swift */,
				423D6D7E1DECF35500F66EA4 /* MoviePost.swift */,
				BFCED8CB1DF6B87700A26AB3 /* NoteVideo.swift */,
			);
			name = Models;
			path = ..;
			sourceTree = "<group>";
		};
		BF1EA9E31DE26F8E00A4B3A3 /* API */ = {
			isa = PBXGroup;
			children = (
				BF1EA9F31DE2708100A4B3A3 /* OxfordClient.swift */,
				BF1EAA011DE970F600A4B3A3 /* FirebaseClient.swift */,
			);
			name = API;
			path = ..;
			sourceTree = "<group>";
		};
		BF1EA9E41DE26F9700A4B3A3 /* Views */ = {
			isa = PBXGroup;
			children = (
				BF1EA9ED1DE2702100A4B3A3 /* WordTableViewCell.swift */,
				BF1EA9EE1DE2702100A4B3A3 /* DefinitionTableViewCell.swift */,
				425086801DE30A1300D3B202 /* HomeTableViewCell.swift */,
				BFCED8B41DEFCCE000A26AB3 /* NoteDefinitionTableViewCell.swift */,
				BFCED8B61DEFEACF00A26AB3 /* NoteExampleTableViewCell.swift */,
				BFCED8B81DEFFA3500A26AB3 /* EditDetailTableViewCell.swift */,
				4200DFF31DF01E8C005D544D /* InputTableViewCell.swift */,
				BFCED8BE1DF40CFB00A26AB3 /* SynonymTableViewCell.swift */,
				42215D9E1DF50877001B90C4 /* SwipeableTableViewCell.swift */,
				42215DA01DF508EC001B90C4 /* VideoCollectionViewCell.swift */,
				BFCED8C01DF40D5200A26AB3 /* AntonymTableViewCell.swift */,
				BFCED8C91DF673B300A26AB3 /* VideoForNoteTableViewCell.swift */,
			);
			name = Views;
			path = ..;
			sourceTree = "<group>";
		};
		BFCED8AB1DEEBE2C00A26AB3 /* SSRadioButtonController */ = {
			isa = PBXGroup;
			children = (
				BFCED8AC1DEEBE2C00A26AB3 /* SSRadioButton.swift */,
				BFCED8AD1DEEBE2C00A26AB3 /* SSRadioButtonsController.swift */,
				BFCED8B01DEEC1C700A26AB3 /* RadioButton.swift */,
			);
			path = SSRadioButtonController;
			sourceTree = "<group>";
		};
/* End PBXGroup section */

/* Begin PBXNativeTarget section */
		BF1EA9C41DE26DC200A4B3A3 /* Wordie */ = {
			isa = PBXNativeTarget;
			buildConfigurationList = BF1EA9D71DE26DC200A4B3A3 /* Build configuration list for PBXNativeTarget "Wordie" */;
			buildPhases = (
				BF682A43550CFA37066D4792 /* [CP] Check Pods Manifest.lock */,
				BF1EA9C11DE26DC200A4B3A3 /* Sources */,
				BF1EA9C21DE26DC200A4B3A3 /* Frameworks */,
				BF1EA9C31DE26DC200A4B3A3 /* Resources */,
				0A44FC212BA3B3CC17FA8BB1 /* [CP] Embed Pods Frameworks */,
				4222C56B1DFFC656006D99E1 /* CopyFiles */,
			);
			buildRules = (
			);
			dependencies = (
			);
			name = Wordie;
			productName = Wordie;
			productReference = BF1EA9C51DE26DC200A4B3A3 /* Wordie.app */;
			productType = "com.apple.product-type.application";
		};
/* End PBXNativeTarget section */

/* Begin PBXProject section */
		BF1EA9BD1DE26DC200A4B3A3 /* Project object */ = {
			isa = PBXProject;
			attributes = {
				LastSwiftUpdateCheck = 0810;
				LastUpgradeCheck = 0810;
				ORGANIZATIONNAME = "Lu Ao";
				TargetAttributes = {
					BF1EA9C41DE26DC200A4B3A3 = {
						CreatedOnToolsVersion = 8.1;
						LastSwiftMigration = 0810;
						ProvisioningStyle = Automatic;
						SystemCapabilities = {
							com.apple.Keychain = {
								enabled = 1;
							};
						};
					};
				};
			};
			buildConfigurationList = BF1EA9C01DE26DC200A4B3A3 /* Build configuration list for PBXProject "Wordie" */;
			compatibilityVersion = "Xcode 8.0";
			developmentRegion = English;
			hasScannedForEncodings = 0;
			knownRegions = (
				en,
				Base,
			);
			mainGroup = BF1EA9BC1DE26DC200A4B3A3;
			productRefGroup = BF1EA9C61DE26DC200A4B3A3 /* Products */;
			projectDirPath = "";
			projectRoot = "";
			targets = (
				BF1EA9C41DE26DC200A4B3A3 /* Wordie */,
			);
		};
/* End PBXProject section */

/* Begin PBXResourcesBuildPhase section */
		BF1EA9C31DE26DC200A4B3A3 /* Resources */ = {
			isa = PBXResourcesBuildPhase;
			buildActionMask = 2147483647;
			files = (
				BF1EA9D31DE26DC200A4B3A3 /* LaunchScreen.storyboard in Resources */,
				4250867D1DE3067C00D3B202 /* Malcolm.Main.storyboard in Resources */,
				4258BEE91DF277AC00418750 /* GoogleService-Info.plist in Resources */,
				BF1EA9D01DE26DC200A4B3A3 /* Assets.xcassets in Resources */,
				BFCED8CE1DF77B9000A26AB3 /* Louis.Main.storyboard in Resources */,
			);
			runOnlyForDeploymentPostprocessing = 0;
		};
/* End PBXResourcesBuildPhase section */

/* Begin PBXShellScriptBuildPhase section */
		0A44FC212BA3B3CC17FA8BB1 /* [CP] Embed Pods Frameworks */ = {
			isa = PBXShellScriptBuildPhase;
			buildActionMask = 2147483647;
			files = (
			);
			inputPaths = (
			);
			name = "[CP] Embed Pods Frameworks";
			outputPaths = (
			);
			runOnlyForDeploymentPostprocessing = 0;
			shellPath = /bin/sh;
			shellScript = "\"${SRCROOT}/Pods/Target Support Files/Pods-Wordie/Pods-Wordie-frameworks.sh\"\n";
			showEnvVarsInLog = 0;
		};
		BF682A43550CFA37066D4792 /* [CP] Check Pods Manifest.lock */ = {
			isa = PBXShellScriptBuildPhase;
			buildActionMask = 2147483647;
			files = (
			);
			inputPaths = (
			);
			name = "[CP] Check Pods Manifest.lock";
			outputPaths = (
			);
			runOnlyForDeploymentPostprocessing = 0;
			shellPath = /bin/sh;
			shellScript = "diff \"${PODS_ROOT}/../Podfile.lock\" \"${PODS_ROOT}/Manifest.lock\" > /dev/null\nif [[ $? != 0 ]] ; then\n    cat << EOM\nerror: The sandbox is not in sync with the Podfile.lock. Run 'pod install' or update your CocoaPods installation.\nEOM\n    exit 1\nfi\n";
			showEnvVarsInLog = 0;
		};
/* End PBXShellScriptBuildPhase section */

/* Begin PBXSourcesBuildPhase section */
		BF1EA9C11DE26DC200A4B3A3 /* Sources */ = {
			isa = PBXSourcesBuildPhase;
			buildActionMask = 2147483647;
			files = (
				BFCED8CC1DF6B87700A26AB3 /* NoteVideo.swift in Sources */,
				42215DA11DF508EC001B90C4 /* VideoCollectionViewCell.swift in Sources */,
				4200DFF61DF02170005D544D /* SignUpViewController.swift in Sources */,
				BF1EA9F41DE2708100A4B3A3 /* OxfordClient.swift in Sources */,
				4222C56A1DFFA098006D99E1 /* LoginViewController.swift in Sources */,
				4200DFF41DF01E8C005D544D /* InputTableViewCell.swift in Sources */,
				BF1EAA061DED47BC00A4B3A3 /* EditDetailViewController.swift in Sources */,
				4287B4271DF7BA5900A2B06D /* ProfileViewController.swift in Sources */,
				BFCED8B51DEFCCE000A26AB3 /* NoteDefinitionTableViewCell.swift in Sources */,
				BFCED8AE1DEEBE2C00A26AB3 /* SSRadioButton.swift in Sources */,
				BF1EA9EC1DE2700100A4B3A3 /* DefinitionTabViewController.swift in Sources */,
				4200DFF81DF0218B005D544D /* WelcomeViewController.swift in Sources */,
				BF1EA9FA1DE3C15100A4B3A3 /* HomeTabBarController.swift in Sources */,
				BF1EA9EA1DE2700100A4B3A3 /* SearchViewController.swift in Sources */,
				BF1EA9F01DE2702100A4B3A3 /* DefinitionTableViewCell.swift in Sources */,
				42C8A2701DE7B73600AC6ED9 /* UserInputViewController.swift in Sources */,
				BF1EA9F81DE2864700A4B3A3 /* SearchTabViewController.swift in Sources */,
				4287B4291DF7BF4600A2B06D /* FacebookUsernameViewController.swift in Sources */,
				BF1EA9F21DE2703600A4B3A3 /* Word.swift in Sources */,
				425086811DE30A1300D3B202 /* HomeTableViewCell.swift in Sources */,
				BF1EA9EF1DE2702100A4B3A3 /* WordTableViewCell.swift in Sources */,
				BFCED8C31DF4B57400A26AB3 /* VideoForNoteViewController.swift in Sources */,
				BF1EAA021DE970F600A4B3A3 /* FirebaseClient.swift in Sources */,
				BFCED8CA1DF673B300A26AB3 /* VideoForNoteTableViewCell.swift in Sources */,
				4250867F1DE309DB00D3B202 /* HomeViewController.swift in Sources */,
				BF1EA9EB1DE2700100A4B3A3 /* NoteViewController.swift in Sources */,
				BF1EAA041DE9796B00A4B3A3 /* User.swift in Sources */,
				BFCED8B91DEFFA3500A26AB3 /* EditDetailTableViewCell.swift in Sources */,
				42215D9F1DF50877001B90C4 /* SwipeableTableViewCell.swift in Sources */,
				BFCED8B11DEEC1C700A26AB3 /* RadioButton.swift in Sources */,
				BFCED8AF1DEEBE2C00A26AB3 /* SSRadioButtonsController.swift in Sources */,
				BFCED8D21DF939EF00A26AB3 /* SynonymAntonym.swift in Sources */,
				BF1EA9F61DE2709400A4B3A3 /* AppDelegate.swift in Sources */,
				BFCED8C11DF40D5200A26AB3 /* AntonymTableViewCell.swift in Sources */,
				BFCED8BF1DF40CFB00A26AB3 /* SynonymTableViewCell.swift in Sources */,
				BFCED8B71DEFEACF00A26AB3 /* NoteExampleTableViewCell.swift in Sources */,
				423D6D7F1DECF35500F66EA4 /* MoviePost.swift in Sources */,
				BF1EA9E91DE2700100A4B3A3 /* WordDetailViewController.swift in Sources */,
			);
			runOnlyForDeploymentPostprocessing = 0;
		};
/* End PBXSourcesBuildPhase section */

/* Begin PBXVariantGroup section */
		BF1EA9D11DE26DC200A4B3A3 /* LaunchScreen.storyboard */ = {
			isa = PBXVariantGroup;
			children = (
				BF1EA9D21DE26DC200A4B3A3 /* Base */,
			);
			name = LaunchScreen.storyboard;
			sourceTree = "<group>";
		};
/* End PBXVariantGroup section */

/* Begin XCBuildConfiguration section */
		BF1EA9D51DE26DC200A4B3A3 /* Debug */ = {
			isa = XCBuildConfiguration;
			buildSettings = {
				ALWAYS_SEARCH_USER_PATHS = NO;
				CLANG_ANALYZER_NONNULL = YES;
				CLANG_CXX_LANGUAGE_STANDARD = "gnu++0x";
				CLANG_CXX_LIBRARY = "libc++";
				CLANG_ENABLE_MODULES = YES;
				CLANG_ENABLE_OBJC_ARC = YES;
				CLANG_WARN_BOOL_CONVERSION = YES;
				CLANG_WARN_CONSTANT_CONVERSION = YES;
				CLANG_WARN_DIRECT_OBJC_ISA_USAGE = YES_ERROR;
				CLANG_WARN_DOCUMENTATION_COMMENTS = YES;
				CLANG_WARN_EMPTY_BODY = YES;
				CLANG_WARN_ENUM_CONVERSION = YES;
				CLANG_WARN_INFINITE_RECURSION = YES;
				CLANG_WARN_INT_CONVERSION = YES;
				CLANG_WARN_OBJC_ROOT_CLASS = YES_ERROR;
				CLANG_WARN_SUSPICIOUS_MOVE = YES;
				CLANG_WARN_SUSPICIOUS_MOVES = YES;
				CLANG_WARN_UNREACHABLE_CODE = YES;
				CLANG_WARN__DUPLICATE_METHOD_MATCH = YES;
				"CODE_SIGN_IDENTITY[sdk=iphoneos*]" = "iPhone Developer";
				COPY_PHASE_STRIP = NO;
				DEBUG_INFORMATION_FORMAT = dwarf;
				ENABLE_STRICT_OBJC_MSGSEND = YES;
				ENABLE_TESTABILITY = YES;
				GCC_C_LANGUAGE_STANDARD = gnu99;
				GCC_DYNAMIC_NO_PIC = NO;
				GCC_NO_COMMON_BLOCKS = YES;
				GCC_OPTIMIZATION_LEVEL = 0;
				GCC_PREPROCESSOR_DEFINITIONS = (
					"DEBUG=1",
					"$(inherited)",
				);
				GCC_WARN_64_TO_32_BIT_CONVERSION = YES;
				GCC_WARN_ABOUT_RETURN_TYPE = YES_ERROR;
				GCC_WARN_UNDECLARED_SELECTOR = YES;
				GCC_WARN_UNINITIALIZED_AUTOS = YES_AGGRESSIVE;
				GCC_WARN_UNUSED_FUNCTION = YES;
				GCC_WARN_UNUSED_VARIABLE = YES;
				IPHONEOS_DEPLOYMENT_TARGET = 10.1;
				MTL_ENABLE_DEBUG_INFO = YES;
				ONLY_ACTIVE_ARCH = YES;
				SDKROOT = iphoneos;
				SWIFT_ACTIVE_COMPILATION_CONDITIONS = DEBUG;
				SWIFT_OPTIMIZATION_LEVEL = "-Onone";
				TARGETED_DEVICE_FAMILY = "1,2";
			};
			name = Debug;
		};
		BF1EA9D61DE26DC200A4B3A3 /* Release */ = {
			isa = XCBuildConfiguration;
			buildSettings = {
				ALWAYS_SEARCH_USER_PATHS = NO;
				CLANG_ANALYZER_NONNULL = YES;
				CLANG_CXX_LANGUAGE_STANDARD = "gnu++0x";
				CLANG_CXX_LIBRARY = "libc++";
				CLANG_ENABLE_MODULES = YES;
				CLANG_ENABLE_OBJC_ARC = YES;
				CLANG_WARN_BOOL_CONVERSION = YES;
				CLANG_WARN_CONSTANT_CONVERSION = YES;
				CLANG_WARN_DIRECT_OBJC_ISA_USAGE = YES_ERROR;
				CLANG_WARN_DOCUMENTATION_COMMENTS = YES;
				CLANG_WARN_EMPTY_BODY = YES;
				CLANG_WARN_ENUM_CONVERSION = YES;
				CLANG_WARN_INFINITE_RECURSION = YES;
				CLANG_WARN_INT_CONVERSION = YES;
				CLANG_WARN_OBJC_ROOT_CLASS = YES_ERROR;
				CLANG_WARN_SUSPICIOUS_MOVE = YES;
				CLANG_WARN_SUSPICIOUS_MOVES = YES;
				CLANG_WARN_UNREACHABLE_CODE = YES;
				CLANG_WARN__DUPLICATE_METHOD_MATCH = YES;
				"CODE_SIGN_IDENTITY[sdk=iphoneos*]" = "iPhone Developer";
				COPY_PHASE_STRIP = NO;
				DEBUG_INFORMATION_FORMAT = "dwarf-with-dsym";
				ENABLE_NS_ASSERTIONS = NO;
				ENABLE_STRICT_OBJC_MSGSEND = YES;
				GCC_C_LANGUAGE_STANDARD = gnu99;
				GCC_NO_COMMON_BLOCKS = YES;
				GCC_WARN_64_TO_32_BIT_CONVERSION = YES;
				GCC_WARN_ABOUT_RETURN_TYPE = YES_ERROR;
				GCC_WARN_UNDECLARED_SELECTOR = YES;
				GCC_WARN_UNINITIALIZED_AUTOS = YES_AGGRESSIVE;
				GCC_WARN_UNUSED_FUNCTION = YES;
				GCC_WARN_UNUSED_VARIABLE = YES;
				IPHONEOS_DEPLOYMENT_TARGET = 10.1;
				MTL_ENABLE_DEBUG_INFO = NO;
				SDKROOT = iphoneos;
				SWIFT_OPTIMIZATION_LEVEL = "-Owholemodule";
				TARGETED_DEVICE_FAMILY = "1,2";
				VALIDATE_PRODUCT = YES;
			};
			name = Release;
		};
		BF1EA9D81DE26DC200A4B3A3 /* Debug */ = {
			isa = XCBuildConfiguration;
			baseConfigurationReference = 209528783B87E1D71F3B93FD /* Pods-Wordie.debug.xcconfig */;
			buildSettings = {
				ALWAYS_EMBED_SWIFT_STANDARD_LIBRARIES = NO;
				ASSETCATALOG_COMPILER_APPICON_NAME = AppIcon;
				CODE_SIGN_ENTITLEMENTS = Wordie/Wordie.entitlements;
				"CODE_SIGN_IDENTITY[sdk=iphoneos*]" = "iPhone Developer";
				DEVELOPMENT_TEAM = JC68KFVHSJ;
				INFOPLIST_FILE = Wordie/Info.plist;
				IPHONEOS_DEPLOYMENT_TARGET = 10.0;
				LD_RUNPATH_SEARCH_PATHS = "$(inherited) @executable_path/Frameworks";
				PRODUCT_BUNDLE_IDENTIFIER = Louis.Wordie;
				PRODUCT_NAME = "$(TARGET_NAME)";
				SWIFT_VERSION = 3.0;
			};
			name = Debug;
		};
		BF1EA9D91DE26DC200A4B3A3 /* Release */ = {
			isa = XCBuildConfiguration;
			baseConfigurationReference = 698B7384369BA83D54F93CAC /* Pods-Wordie.release.xcconfig */;
			buildSettings = {
				ALWAYS_EMBED_SWIFT_STANDARD_LIBRARIES = NO;
				ASSETCATALOG_COMPILER_APPICON_NAME = AppIcon;
				CODE_SIGN_ENTITLEMENTS = Wordie/Wordie.entitlements;
				"CODE_SIGN_IDENTITY[sdk=iphoneos*]" = "iPhone Developer";
				DEVELOPMENT_TEAM = JC68KFVHSJ;
				INFOPLIST_FILE = Wordie/Info.plist;
				IPHONEOS_DEPLOYMENT_TARGET = 10.0;
				LD_RUNPATH_SEARCH_PATHS = "$(inherited) @executable_path/Frameworks";
				PRODUCT_BUNDLE_IDENTIFIER = Louis.Wordie;
				PRODUCT_NAME = "$(TARGET_NAME)";
				SWIFT_VERSION = 3.0;
			};
			name = Release;
		};
/* End XCBuildConfiguration section */

/* Begin XCConfigurationList section */
		BF1EA9C01DE26DC200A4B3A3 /* Build configuration list for PBXProject "Wordie" */ = {
			isa = XCConfigurationList;
			buildConfigurations = (
				BF1EA9D51DE26DC200A4B3A3 /* Debug */,
				BF1EA9D61DE26DC200A4B3A3 /* Release */,
			);
			defaultConfigurationIsVisible = 0;
			defaultConfigurationName = Release;
		};
		BF1EA9D71DE26DC200A4B3A3 /* Build configuration list for PBXNativeTarget "Wordie" */ = {
			isa = XCConfigurationList;
			buildConfigurations = (
				BF1EA9D81DE26DC200A4B3A3 /* Debug */,
				BF1EA9D91DE26DC200A4B3A3 /* Release */,
			);
			defaultConfigurationIsVisible = 0;
			defaultConfigurationName = Release;
		};
/* End XCConfigurationList section */
	};
	rootObject = BF1EA9BD1DE26DC200A4B3A3 /* Project object */;
}
